
Microsoft Visual Studio Solution File, Format Version 12.00
# Visual Studio Version 16
VisualStudioVersion = 16.0.31729.503
MinimumVisualStudioVersion = 10.0.40219.1
Project("{FAE04EC0-301F-11D3-BF4B-00C04F79EFBC}") = "ProgrammingLanguageConceptsA2", "ProgrammingLanguageConceptsA2\ProgrammingLanguageConceptsA2.csproj", "{FD116861-E658-433E-B859-6ACFB3A26D0B}"
EndProject
Global
	GlobalSection(SolutionConfigurationPlatforms) = preSolution
		Debug|Any CPU = Debug|Any CPU
		Release|Any CPU = Release|Any CPU
	EndGlobalSection
	GlobalSection(ProjectConfigurationPlatforms) = postSolution
		{FD116861-E658-433E-B859-6ACFB3A26D0B}.Debug|Any CPU.ActiveCfg = Debug|Any CPU
		{FD116861-E658-433E-B859-6ACFB3A26D0B}.Debug|Any CPU.Build.0 = Debug|Any CPU
		{FD116861-E658-433E-B859-6ACFB3A26D0B}.Release|Any CPU.ActiveCfg = Release|Any CPU
		{FD116861-E658-433E-B859-6ACFB3A26D0B}.Release|Any CPU.Build.0 = Release|Any CPU
	EndGlobalSection
	GlobalSection(SolutionProperties) = preSolution
		HideSolutionNode = FALSE
	EndGlobalSection
	GlobalSection(ExtensibilityGlobals) = postSolution
		SolutionGuid = {CB7142F9-A4DF-4985-8F99-74F6F9F8A4F9}
	EndGlobalSection
EndGlobal
